
Microsoft Visual Studio Solution File, Format Version 12.00
# Visual Studio Version 17
VisualStudioVersion = 17.0.31919.166
MinimumVisualStudioVersion = 10.0.40219.1
Project("{FAE04EC0-301F-11D3-BF4B-00C04F79EFBC}") = "Project1.DB", "Project1.DB\Project1.DB.csproj", "{EBCFD8E5-4A2F-460F-9D94-7BAABD78427F}"
EndProject
Project("{FAE04EC0-301F-11D3-BF4B-00C04F79EFBC}") = "Project1.App", "Project1.App\Project1.App.csproj", "{D5D85585-2AC9-4A76-B4A8-ABE2130C0894}"
EndProject
Project("{FAE04EC0-301F-11D3-BF4B-00C04F79EFBC}") = "Project1.Logic", "Project1.Logic\Project1.Logic.csproj", "{9C22E82C-B29B-4676-AF67-CA11892E7373}"
EndProject
Project("{FAE04EC0-301F-11D3-BF4B-00C04F79EFBC}") = "Project1.Api", "Project1.Api\Project1.Api.csproj", "{02D56111-FFC6-485D-AAD0-5F80E763C3A5}"
EndProject
Global
	GlobalSection(SolutionConfigurationPlatforms) = preSolution
		Debug|Any CPU = Debug|Any CPU
		Release|Any CPU = Release|Any CPU
	EndGlobalSection
	GlobalSection(ProjectConfigurationPlatforms) = postSolution
		{EBCFD8E5-4A2F-460F-9D94-7BAABD78427F}.Debug|Any CPU.ActiveCfg = Debug|Any CPU
		{EBCFD8E5-4A2F-460F-9D94-7BAABD78427F}.Debug|Any CPU.Build.0 = Debug|Any CPU
		{EBCFD8E5-4A2F-460F-9D94-7BAABD78427F}.Release|Any CPU.ActiveCfg = Release|Any CPU
		{EBCFD8E5-4A2F-460F-9D94-7BAABD78427F}.Release|Any CPU.Build.0 = Release|Any CPU
		{D5D85585-2AC9-4A76-B4A8-ABE2130C0894}.Debug|Any CPU.ActiveCfg = Debug|Any CPU
		{D5D85585-2AC9-4A76-B4A8-ABE2130C0894}.Debug|Any CPU.Build.0 = Debug|Any CPU
		{D5D85585-2AC9-4A76-B4A8-ABE2130C0894}.Release|Any CPU.ActiveCfg = Release|Any CPU
		{D5D85585-2AC9-4A76-B4A8-ABE2130C0894}.Release|Any CPU.Build.0 = Release|Any CPU
		{9C22E82C-B29B-4676-AF67-CA11892E7373}.Debug|Any CPU.ActiveCfg = Debug|Any CPU
		{9C22E82C-B29B-4676-AF67-CA11892E7373}.Debug|Any CPU.Build.0 = Debug|Any CPU
		{9C22E82C-B29B-4676-AF67-CA11892E7373}.Release|Any CPU.ActiveCfg = Release|Any CPU
		{9C22E82C-B29B-4676-AF67-CA11892E7373}.Release|Any CPU.Build.0 = Release|Any CPU
		{02D56111-FFC6-485D-AAD0-5F80E763C3A5}.Debug|Any CPU.ActiveCfg = Debug|Any CPU
		{02D56111-FFC6-485D-AAD0-5F80E763C3A5}.Debug|Any CPU.Build.0 = Debug|Any CPU
		{02D56111-FFC6-485D-AAD0-5F80E763C3A5}.Release|Any CPU.ActiveCfg = Release|Any CPU
		{02D56111-FFC6-485D-AAD0-5F80E763C3A5}.Release|Any CPU.Build.0 = Release|Any CPU
	EndGlobalSection
	GlobalSection(SolutionProperties) = preSolution
		HideSolutionNode = FALSE
	EndGlobalSection
	GlobalSection(ExtensibilityGlobals) = postSolution
		SolutionGuid = {A346B147-0B1C-4FA6-BC3A-C699CAD14B37}
	EndGlobalSection
EndGlobal
